%{
  "dialyxir": {:hex, :dialyxir, "1.4.5", "ca1571ac18e0f88d4ab245f0b60fa31ff1b12cbae2b11bd25d207f865e8ae78a", [:mix], [{:erlex, ">= 0.2.7", [hex: :erlex, repo: "hexpm", optional: false]}], "hexpm", "b0fb08bb8107c750db5c0b324fa2df5ceaa0f9307690ee3c1f6ba5b9eb5d35c3"},
  "erlex": {:hex, :erlex, "0.2.7", "810e8725f96ab74d17aac676e748627a07bc87eb950d2b83acd29dc047a30595", [:mix], [], "hexpm", "3ed95f79d1a844c3f6bf0cea61e0d5612a42ce56da9c03f01df538685365efb0"},
  "ex_aequo_base": {:hex, :ex_aequo_base, "0.1.5", "f528cb921cb97ba008457eff9bfdf657495c68b2d9d8e89a5dfd64cbd6eb34de", [:mix], [{:ex_aequo_fn, "~> 0.1.2", [hex: :ex_aequo_fn, repo: "hexpm", optional: false]}], "hexpm", "55377f8bcf6332567b451d39aa57619bcd1ed4ba3dddc880a68136d6702ef68e"},
  "ex_aequo_colors": {:hex, :ex_aequo_colors, "0.1.2", "d6fba0627fba1616757411399789f0fa567752b24c96a5d49ba4da50f3610b33", [:mix], [{:ex_aequo_base, "~> 0.1.5", [hex: :ex_aequo_base, repo: "hexpm", optional: false]}, {:minipeg, "~> 0.7.0", [hex: :minipeg, repo: "hexpm", optional: false]}], "hexpm", "8b8f3ad30e5ed15ac9f2a004364a169d9ac12bd3b26685f06091baebe37b0c08"},
  "ex_aequo_fn": {:hex, :ex_aequo_fn, "0.1.2", "d3c6ae73bafb1f2e1661e2b2dc4b548e577ebd7cc24d22afb0efbe1b8dca16ba", [:mix], [], "hexpm", "6e8cecd6e37dc3cd896dc631c5eb2e766e0ff6b914d110cdeedace9bc7ac1d8f"},
  "excoveralls": {:hex, :excoveralls, "0.18.3", "bca47a24d69a3179951f51f1db6d3ed63bca9017f476fe520eb78602d45f7756", [:mix], [{:castore, "~> 1.0", [hex: :castore, repo: "hexpm", optional: true]}, {:jason, "~> 1.0", [hex: :jason, repo: "hexpm", optional: false]}], "hexpm", "746f404fcd09d5029f1b211739afb8fb8575d775b21f6a3908e7ce3e640724c6"},
  "jason": {:hex, :jason, "1.4.4", "b9226785a9aa77b6857ca22832cffa5d5011a667207eb2a0ad56adb5db443b8a", [:mix], [{:decimal, "~> 1.0 or ~> 2.0", [hex: :decimal, repo: "hexpm", optional: true]}], "hexpm", "c5eb0cab91f094599f94d55bc63409236a8ec69a21a67814529e8d5f6cc90b3b"},
  "minipeg": {:hex, :minipeg, "0.7.0", "232d6762560357433e8e4556d9e9d38459ccef80ed13e64e8784ccb8b08a7e0c", [:mix], [], "hexpm", "d9509eab735a410463141d2b9a9713374b4f0d5c97d44cadb64f0a8f23924aaf"},
}
